
Microsoft Visual Studio Solution File, Format Version 12.00
# Visual Studio Version 17
VisualStudioVersion = 17.5.33516.290
MinimumVisualStudioVersion = 10.0.40219.1
Project("{FAE04EC0-301F-11D3-BF4B-00C04F79EFBC}") = "TenisAPI", "TenisAPI\TenisAPI.csproj", "{F75508BF-3215-41DE-B3D6-708ACC77723A}"
EndProject
Global
	GlobalSection(SolutionConfigurationPlatforms) = preSolution
		Debug|Any CPU = Debug|Any CPU
		Release|Any CPU = Release|Any CPU
	EndGlobalSection
	GlobalSection(ProjectConfigurationPlatforms) = postSolution
		{F75508BF-3215-41DE-B3D6-708ACC77723A}.Debug|Any CPU.ActiveCfg = Debug|Any CPU
		{F75508BF-3215-41DE-B3D6-708ACC77723A}.Debug|Any CPU.Build.0 = Debug|Any CPU
		{F75508BF-3215-41DE-B3D6-708ACC77723A}.Release|Any CPU.ActiveCfg = Release|Any CPU
		{F75508BF-3215-41DE-B3D6-708ACC77723A}.Release|Any CPU.Build.0 = Release|Any CPU
	EndGlobalSection
	GlobalSection(SolutionProperties) = preSolution
		HideSolutionNode = FALSE
	EndGlobalSection
	GlobalSection(ExtensibilityGlobals) = postSolution
		SolutionGuid = {A230D047-7AA2-4947-82EF-8EDD939D4511}
	EndGlobalSection
EndGlobal
